
Microsoft Visual Studio Solution File, Format Version 12.00
# Visual Studio Version 17
VisualStudioVersion = 17.5.33424.131
MinimumVisualStudioVersion = 10.0.40219.1
Project("{FAE04EC0-301F-11D3-BF4B-00C04F79EFBC}") = "lab_3", "lab_3\lab_3.csproj", "{8B9E1F9B-34EF-4A22-BE85-B3DFA69D2FB9}"
EndProject
Project("{FAE04EC0-301F-11D3-BF4B-00C04F79EFBC}") = "3Thast", "3Thast\3Thast.csproj", "{FD5F8C8C-A920-482A-B03E-A4F7BD9EA2EE}"
EndProject
Global
	GlobalSection(SolutionConfigurationPlatforms) = preSolution
		Debug|Any CPU = Debug|Any CPU
		Release|Any CPU = Release|Any CPU
	EndGlobalSection
	GlobalSection(ProjectConfigurationPlatforms) = postSolution
		{8B9E1F9B-34EF-4A22-BE85-B3DFA69D2FB9}.Debug|Any CPU.ActiveCfg = Debug|Any CPU
		{8B9E1F9B-34EF-4A22-BE85-B3DFA69D2FB9}.Debug|Any CPU.Build.0 = Debug|Any CPU
		{8B9E1F9B-34EF-4A22-BE85-B3DFA69D2FB9}.Release|Any CPU.ActiveCfg = Release|Any CPU
		{8B9E1F9B-34EF-4A22-BE85-B3DFA69D2FB9}.Release|Any CPU.Build.0 = Release|Any CPU
		{FD5F8C8C-A920-482A-B03E-A4F7BD9EA2EE}.Debug|Any CPU.ActiveCfg = Debug|Any CPU
		{FD5F8C8C-A920-482A-B03E-A4F7BD9EA2EE}.Debug|Any CPU.Build.0 = Debug|Any CPU
		{FD5F8C8C-A920-482A-B03E-A4F7BD9EA2EE}.Release|Any CPU.ActiveCfg = Release|Any CPU
		{FD5F8C8C-A920-482A-B03E-A4F7BD9EA2EE}.Release|Any CPU.Build.0 = Release|Any CPU
	EndGlobalSection
	GlobalSection(SolutionProperties) = preSolution
		HideSolutionNode = FALSE
	EndGlobalSection
	GlobalSection(ExtensibilityGlobals) = postSolution
		SolutionGuid = {0C2B1C69-C7FF-4470-8810-6E078B56CCA8}
	EndGlobalSection
EndGlobal
